
Microsoft Visual Studio Solution File, Format Version 12.00
# Visual Studio Version 17
VisualStudioVersion = 17.10.35027.167
MinimumVisualStudioVersion = 10.0.40219.1
Project("{9A19103F-16F7-4668-BE54-9A1E7A4F7556}") = "EdTech.API", "EdTech.API.csproj", "{58E04789-5498-4325-A8F4-50556BB3A308}"
EndProject
Project("{2150E333-8FDC-42A3-9474-1A3956D46DE8}") = "src", "src", "{2193E240-16AF-4604-A3D8-11FD52CC266B}"
EndProject
Project("{2150E333-8FDC-42A3-9474-1A3956D46DE8}") = "3 - API", "3 - API", "{81BB3A70-A6DC-495B-91BC-D35CE99A1690}"
EndProject
Project("{2150E333-8FDC-42A3-9474-1A3956D46DE8}") = "1 - Core", "1 - Core", "{15896683-BEED-4C37-9162-1C527458C17D}"
EndProject
Project("{2150E333-8FDC-42A3-9474-1A3956D46DE8}") = "2 - Data", "2 - Data", "{A0B8E2B7-9391-4FE1-8797-4CE364599BBA}"
EndProject
Project("{9A19103F-16F7-4668-BE54-9A1E7A4F7556}") = "EdTech.Domain", "..\EdTech.Domain\EdTech.Domain.csproj", "{C2973A4B-29BA-4481-B6AF-129DFCB76957}"
EndProject
Project("{9A19103F-16F7-4668-BE54-9A1E7A4F7556}") = "EdTech.Common", "..\EdTech.Common\EdTech.Common.csproj", "{63882179-8D42-4721-874C-84EAF5037CF6}"
EndProject
Project("{2150E333-8FDC-42A3-9474-1A3956D46DE8}") = "tests", "tests", "{4073E33F-12D9-4177-864E-83ADE42FC05A}"
EndProject
Project("{FAE04EC0-301F-11D3-BF4B-00C04F79EFBC}") = "EdTech.Interfaces", "..\EdTech.Interfaces\EdTech.Interfaces.csproj", "{C9C3DD7D-C5F6-4EA1-B726-4D9A62EB78EE}"
EndProject
Project("{FAE04EC0-301F-11D3-BF4B-00C04F79EFBC}") = "EdTech.Data", "..\EdTech.Data\EdTech.Data.csproj", "{C96DABAF-5F29-4168-A57D-861F38878845}"
EndProject
Global
	GlobalSection(SolutionConfigurationPlatforms) = preSolution
		Debug|Any CPU = Debug|Any CPU
		Release|Any CPU = Release|Any CPU
	EndGlobalSection
	GlobalSection(ProjectConfigurationPlatforms) = postSolution
		{58E04789-5498-4325-A8F4-50556BB3A308}.Debug|Any CPU.ActiveCfg = Debug|Any CPU
		{58E04789-5498-4325-A8F4-50556BB3A308}.Debug|Any CPU.Build.0 = Debug|Any CPU
		{58E04789-5498-4325-A8F4-50556BB3A308}.Release|Any CPU.ActiveCfg = Release|Any CPU
		{58E04789-5498-4325-A8F4-50556BB3A308}.Release|Any CPU.Build.0 = Release|Any CPU
		{C2973A4B-29BA-4481-B6AF-129DFCB76957}.Debug|Any CPU.ActiveCfg = Debug|Any CPU
		{C2973A4B-29BA-4481-B6AF-129DFCB76957}.Debug|Any CPU.Build.0 = Debug|Any CPU
		{C2973A4B-29BA-4481-B6AF-129DFCB76957}.Release|Any CPU.ActiveCfg = Release|Any CPU
		{C2973A4B-29BA-4481-B6AF-129DFCB76957}.Release|Any CPU.Build.0 = Release|Any CPU
		{63882179-8D42-4721-874C-84EAF5037CF6}.Debug|Any CPU.ActiveCfg = Debug|Any CPU
		{63882179-8D42-4721-874C-84EAF5037CF6}.Debug|Any CPU.Build.0 = Debug|Any CPU
		{63882179-8D42-4721-874C-84EAF5037CF6}.Release|Any CPU.ActiveCfg = Release|Any CPU
		{63882179-8D42-4721-874C-84EAF5037CF6}.Release|Any CPU.Build.0 = Release|Any CPU
		{C9C3DD7D-C5F6-4EA1-B726-4D9A62EB78EE}.Debug|Any CPU.ActiveCfg = Debug|Any CPU
		{C9C3DD7D-C5F6-4EA1-B726-4D9A62EB78EE}.Debug|Any CPU.Build.0 = Debug|Any CPU
		{C9C3DD7D-C5F6-4EA1-B726-4D9A62EB78EE}.Release|Any CPU.ActiveCfg = Release|Any CPU
		{C9C3DD7D-C5F6-4EA1-B726-4D9A62EB78EE}.Release|Any CPU.Build.0 = Release|Any CPU
		{C96DABAF-5F29-4168-A57D-861F38878845}.Debug|Any CPU.ActiveCfg = Debug|Any CPU
		{C96DABAF-5F29-4168-A57D-861F38878845}.Debug|Any CPU.Build.0 = Debug|Any CPU
		{C96DABAF-5F29-4168-A57D-861F38878845}.Release|Any CPU.ActiveCfg = Release|Any CPU
		{C96DABAF-5F29-4168-A57D-861F38878845}.Release|Any CPU.Build.0 = Release|Any CPU
	EndGlobalSection
	GlobalSection(SolutionProperties) = preSolution
		HideSolutionNode = FALSE
	EndGlobalSection
	GlobalSection(NestedProjects) = preSolution
		{58E04789-5498-4325-A8F4-50556BB3A308} = {81BB3A70-A6DC-495B-91BC-D35CE99A1690}
		{81BB3A70-A6DC-495B-91BC-D35CE99A1690} = {2193E240-16AF-4604-A3D8-11FD52CC266B}
		{15896683-BEED-4C37-9162-1C527458C17D} = {2193E240-16AF-4604-A3D8-11FD52CC266B}
		{A0B8E2B7-9391-4FE1-8797-4CE364599BBA} = {2193E240-16AF-4604-A3D8-11FD52CC266B}
		{C2973A4B-29BA-4481-B6AF-129DFCB76957} = {15896683-BEED-4C37-9162-1C527458C17D}
		{63882179-8D42-4721-874C-84EAF5037CF6} = {15896683-BEED-4C37-9162-1C527458C17D}
		{C9C3DD7D-C5F6-4EA1-B726-4D9A62EB78EE} = {15896683-BEED-4C37-9162-1C527458C17D}
		{C96DABAF-5F29-4168-A57D-861F38878845} = {A0B8E2B7-9391-4FE1-8797-4CE364599BBA}
	EndGlobalSection
	GlobalSection(ExtensibilityGlobals) = postSolution
		SolutionGuid = {CAF91A2B-C854-4B02-A375-0BAB35BF16F1}
	EndGlobalSection
EndGlobal
